// !$*UTF8*$!
{
	archiveVersion = 1;
	classes = {
	};
	objectVersion = 50;
	objects = {

/* Begin PBXBuildFile section */
		A5224AD920FE01BA008C2CFC /* AppDelegate.swift in Sources */ = {isa = PBXBuildFile; fileRef = A5224AD820FE01BA008C2CFC /* AppDelegate.swift */; };
		A5224ADB20FE01BA008C2CFC /* ViewController.swift in Sources */ = {isa = PBXBuildFile; fileRef = A5224ADA20FE01BA008C2CFC /* ViewController.swift */; };
		A5224ADE20FE01BA008C2CFC /* Main.storyboard in Resources */ = {isa = PBXBuildFile; fileRef = A5224ADC20FE01BA008C2CFC /* Main.storyboard */; };
		A5224AE020FE01BB008C2CFC /* Assets.xcassets in Resources */ = {isa = PBXBuildFile; fileRef = A5224ADF20FE01BB008C2CFC /* Assets.xcassets */; };
		A5224AE320FE01BB008C2CFC /* LaunchScreen.storyboard in Resources */ = {isa = PBXBuildFile; fileRef = A5224AE120FE01BB008C2CFC /* LaunchScreen.storyboard */; };
		A5224AEE20FE01BB008C2CFC /* learngitTests.swift in Sources */ = {isa = PBXBuildFile; fileRef = A5224AED20FE01BB008C2CFC /* learngitTests.swift */; };
		A5224AF920FE01BB008C2CFC /* learngitUITests.swift in Sources */ = {isa = PBXBuildFile; fileRef = A5224AF820FE01BB008C2CFC /* learngitUITests.swift */; };
/* End PBXBuildFile section */

/* Begin PBXContainerItemProxy section */
		A5224AEA20FE01BB008C2CFC /* PBXContainerItemProxy */ = {
			isa = PBXContainerItemProxy;
			containerPortal = A5224ACD20FE01BA008C2CFC /* Project object */;
			proxyType = 1;
			remoteGlobalIDString = A5224AD420FE01BA008C2CFC;
			remoteInfo = learngit;
		};
		A5224AF520FE01BB008C2CFC /* PBXContainerItemProxy */ = {
			isa = PBXContainerItemProxy;
			containerPortal = A5224ACD20FE01BA008C2CFC /* Project object */;
			proxyType = 1;
			remoteGlobalIDString = A5224AD420FE01BA008C2CFC;
			remoteInfo = learngit;
		};
/* End PBXContainerItemProxy section */

/* Begin PBXFileReference section */
		A5224AD520FE01BA008C2CFC /* learngit.app */ = {isa = PBXFileReference; explicitFileType = wrapper.application; includeInIndex = 0; path = learngit.app; sourceTree = BUILT_PRODUCTS_DIR; };
		A5224AD820FE01BA008C2CFC /* AppDelegate.swift */ = {isa = PBXFileReference; lastKnownFileType = sourcecode.swift; path = AppDelegate.swift; sourceTree = "<group>"; };
		A5224ADA20FE01BA008C2CFC /* ViewController.swift */ = {isa = PBXFileReference; lastKnownFileType = sourcecode.swift; path = ViewController.swift; sourceTree = "<group>"; };
		A5224ADD20FE01BA008C2CFC /* Base */ = {isa = PBXFileReference; lastKnownFileType = file.storyboard; name = Base; path = Base.lproj/Main.storyboard; sourceTree = "<group>"; };
		A5224ADF20FE01BB008C2CFC /* Assets.xcassets */ = {isa = PBXFileReference; lastKnownFileType = folder.assetcatalog; path = Assets.xcassets; sourceTree = "<group>"; };
		A5224AE220FE01BB008C2CFC /* Base */ = {isa = PBXFileReference; lastKnownFileType = file.storyboard; name = Base; path = Base.lproj/LaunchScreen.storyboard; sourceTree = "<group>"; };
		A5224AE420FE01BB008C2CFC /* Info.plist */ = {isa = PBXFileReference; lastKnownFileType = text.plist.xml; path = Info.plist; sourceTree = "<group>"; };
		A5224AE920FE01BB008C2CFC /* learngitTests.xctest */ = {isa = PBXFileReference; explicitFileType = wrapper.cfbundle; includeInIndex = 0; path = learngitTests.xctest; sourceTree = BUILT_PRODUCTS_DIR; };
		A5224AED20FE01BB008C2CFC /* learngitTests.swift */ = {isa = PBXFileReference; lastKnownFileType = sourcecode.swift; path = learngitTests.swift; sourceTree = "<group>"; };
		A5224AEF20FE01BB008C2CFC /* Info.plist */ = {isa = PBXFileReference; lastKnownFileType = text.plist.xml; path = Info.plist; sourceTree = "<group>"; };
		A5224AF420FE01BB008C2CFC /* learngitUITests.xctest */ = {isa = PBXFileReference; explicitFileType = wrapper.cfbundle; includeInIndex = 0; path = learngitUITests.xctest; sourceTree = BUILT_PRODUCTS_DIR; };
		A5224AF820FE01BB008C2CFC /* learngitUITests.swift */ = {isa = PBXFileReference; lastKnownFileType = sourcecode.swift; path = learngitUITests.swift; sourceTree = "<group>"; };
		A5224AFA20FE01BB008C2CFC /* Info.plist */ = {isa = PBXFileReference; lastKnownFileType = text.plist.xml; path = Info.plist; sourceTree = "<group>"; };
/* End PBXFileReference section */

/* Begin PBXFrameworksBuildPhase section */
		A5224AD220FE01BA008C2CFC /* Frameworks */ = {
			isa = PBXFrameworksBuildPhase;
			buildActionMask = 2147483647;
			files = (
			);
			runOnlyForDeploymentPostprocessing = 0;
		};
		A5224AE620FE01BB008C2CFC /* Frameworks */ = {
			isa = PBXFrameworksBuildPhase;
			buildActionMask = 2147483647;
			files = (
			);
			runOnlyForDeploymentPostprocessing = 0;
		};
		A5224AF120FE01BB008C2CFC /* Frameworks */ = {
			isa = PBXFrameworksBuildPhase;
			buildActionMask = 2147483647;
			files = (
			);
			runOnlyForDeploymentPostprocessing = 0;
		};
/* End PBXFrameworksBuildPhase section */

/* Begin PBXGroup section */
		A5224ACC20FE01BA008C2CFC = {
			isa = PBXGroup;
			children = (
				A5224AD720FE01BA008C2CFC /* learngit */,
				A5224AEC20FE01BB008C2CFC /* learngitTests */,
				A5224AF720FE01BB008C2CFC /* learngitUITests */,
				A5224AD620FE01BA008C2CFC /* Products */,
			);
			sourceTree = "<group>";
		};
		A5224AD620FE01BA008C2CFC /* Products */ = {
			isa = PBXGroup;
			children = (
				A5224AD520FE01BA008C2CFC /* learngit.app */,
				A5224AE920FE01BB008C2CFC /* learngitTests.xctest */,
				A5224AF420FE01BB008C2CFC /* learngitUITests.xctest */,
			);
			name = Products;
			sourceTree = "<group>";
		};
		A5224AD720FE01BA008C2CFC /* learngit */ = {
			isa = PBXGroup;
			children = (
				A5224AD820FE01BA008C2CFC /* AppDelegate.swift */,
				A5224ADA20FE01BA008C2CFC /* ViewController.swift */,
				A5224ADC20FE01BA008C2CFC /* Main.storyboard */,
				A5224ADF20FE01BB008C2CFC /* Assets.xcassets */,
				A5224AE120FE01BB008C2CFC /* LaunchScreen.storyboard */,
				A5224AE420FE01BB008C2CFC /* Info.plist */,
			);
			path = learngit;
			sourceTree = "<group>";
		};
		A5224AEC20FE01BB008C2CFC /* learngitTests */ = {
			isa = PBXGroup;
			children = (
				A5224AED20FE01BB008C2CFC /* learngitTests.swift */,
				A5224AEF20FE01BB008C2CFC /* Info.plist */,
			);
			path = learngitTests;
			sourceTree = "<group>";
		};
		A5224AF720FE01BB008C2CFC /* learngitUITests */ = {
			isa = PBXGroup;
			children = (
				A5224AF820FE01BB008C2CFC /* learngitUITests.swift */,
				A5224AFA20FE01BB008C2CFC /* Info.plist */,
			);
			path = learngitUITests;
			sourceTree = "<group>";
		};
/* End PBXGroup section */

/* Begin PBXNativeTarget section */
		A5224AD420FE01BA008C2CFC /* learngit */ = {
			isa = PBXNativeTarget;
			buildConfigurationList = A5224AFD20FE01BB008C2CFC /* Build configuration list for PBXNativeTarget "learngit" */;
			buildPhases = (
				A5224AD120FE01BA008C2CFC /* Sources */,
				A5224AD220FE01BA008C2CFC /* Frameworks */,
				A5224AD320FE01BA008C2CFC /* Resources */,
			);
			buildRules = (
			);
			dependencies = (
			);
			name = learngit;
			productName = learngit;
			productReference = A5224AD520FE01BA008C2CFC /* learngit.app */;
			productType = "com.apple.product-type.application";
		};
		A5224AE820FE01BB008C2CFC /* learngitTests */ = {
			isa = PBXNativeTarget;
			buildConfigurationList = A5224B0020FE01BB008C2CFC /* Build configuration list for PBXNativeTarget "learngitTests" */;
			buildPhases = (
				A5224AE520FE01BB008C2CFC /* Sources */,
				A5224AE620FE01BB008C2CFC /* Frameworks */,
				A5224AE720FE01BB008C2CFC /* Resources */,
			);
			buildRules = (
			);
			dependencies = (
				A5224AEB20FE01BB008C2CFC /* PBXTargetDependency */,
			);
			name = learngitTests;
			productName = learngitTests;
			productReference = A5224AE920FE01BB008C2CFC /* learngitTests.xctest */;
			productType = "com.apple.product-type.bundle.unit-test";
		};
		A5224AF320FE01BB008C2CFC /* learngitUITests */ = {
			isa = PBXNativeTarget;
			buildConfigurationList = A5224B0320FE01BB008C2CFC /* Build configuration list for PBXNativeTarget "learngitUITests" */;
			buildPhases = (
				A5224AF020FE01BB008C2CFC /* Sources */,
				A5224AF120FE01BB008C2CFC /* Frameworks */,
				A5224AF220FE01BB008C2CFC /* Resources */,
			);
			buildRules = (
			);
			dependencies = (
				A5224AF620FE01BB008C2CFC /* PBXTargetDependency */,
			);
			name = learngitUITests;
			productName = learngitUITests;
			productReference = A5224AF420FE01BB008C2CFC /* learngitUITests.xctest */;
			productType = "com.apple.product-type.bundle.ui-testing";
		};
/* End PBXNativeTarget section */

/* Begin PBXProject section */
		A5224ACD20FE01BA008C2CFC /* Project object */ = {
			isa = PBXProject;
			attributes = {
				LastSwiftUpdateCheck = 0940;
				LastUpgradeCheck = 0940;
				ORGANIZATIONNAME = "Lss-SF";
				TargetAttributes = {
					A5224AD420FE01BA008C2CFC = {
						CreatedOnToolsVersion = 9.4.1;
					};
					A5224AE820FE01BB008C2CFC = {
						CreatedOnToolsVersion = 9.4.1;
						TestTargetID = A5224AD420FE01BA008C2CFC;
					};
					A5224AF320FE01BB008C2CFC = {
						CreatedOnToolsVersion = 9.4.1;
						TestTargetID = A5224AD420FE01BA008C2CFC;
					};
				};
			};
			buildConfigurationList = A5224AD020FE01BA008C2CFC /* Build configuration list for PBXProject "learngit" */;
			compatibilityVersion = "Xcode 9.3";
			developmentRegion = en;
			hasScannedForEncodings = 0;
			knownRegions = (
				en,
				Base,
			);
			mainGroup = A5224ACC20FE01BA008C2CFC;
			productRefGroup = A5224AD620FE01BA008C2CFC /* Products */;
			projectDirPath = "";
			projectRoot = "";
			targets = (
				A5224AD420FE01BA008C2CFC /* learngit */,
				A5224AE820FE01BB008C2CFC /* learngitTests */,
				A5224AF320FE01BB008C2CFC /* learngitUITests */,
			);
		};
/* End PBXProject section */

/* Begin PBXResourcesBuildPhase section */
		A5224AD320FE01BA008C2CFC /* Resources */ = {
			isa = PBXResourcesBuildPhase;
			buildActionMask = 2147483647;
			files = (
				A5224AE320FE01BB008C2CFC /* LaunchScreen.storyboard in Resources */,
				A5224AE020FE01BB008C2CFC /* Assets.xcassets in Resources */,
				A5224ADE20FE01BA008C2CFC /* Main.storyboard in Resources */,
			);
			runOnlyForDeploymentPostprocessing = 0;
		};
		A5224AE720FE01BB008C2CFC /* Resources */ = {
			isa = PBXResourcesBuildPhase;
			buildActionMask = 2147483647;
			files = (
			);
			runOnlyForDeploymentPostprocessing = 0;
		};
		A5224AF220FE01BB008C2CFC /* Resources */ = {
			isa = PBXResourcesBuildPhase;
			buildActionMask = 2147483647;
			files = (
			);
			runOnlyForDeploymentPostprocessing = 0;
		};
/* End PBXResourcesBuildPhase section */

/* Begin PBXSourcesBuildPhase section */
		A5224AD120FE01BA008C2CFC /* Sources */ = {
			isa = PBXSourcesBuildPhase;
			buildActionMask = 2147483647;
			files = (
				A5224ADB20FE01BA008C2CFC /* ViewController.swift in Sources */,
				A5224AD920FE01BA008C2CFC /* AppDelegate.swift in Sources */,
			);
			runOnlyForDeploymentPostprocessing = 0;
		};
		A5224AE520FE01BB008C2CFC /* Sources */ = {
			isa = PBXSourcesBuildPhase;
			buildActionMask = 2147483647;
			files = (
				A5224AEE20FE01BB008C2CFC /* learngitTests.swift in Sources */,
			);
			runOnlyForDeploymentPostprocessing = 0;
		};
		A5224AF020FE01BB008C2CFC /* Sources */ = {
			isa = PBXSourcesBuildPhase;
			buildActionMask = 2147483647;
			files = (
				A5224AF920FE01BB008C2CFC /* learngitUITests.swift in Sources */,
			);
			runOnlyForDeploymentPostprocessing = 0;
		};
/* End PBXSourcesBuildPhase section */

/* Begin PBXTargetDependency section */
		A5224AEB20FE01BB008C2CFC /* PBXTargetDependency */ = {
			isa = PBXTargetDependency;
			target = A5224AD420FE01BA008C2CFC /* learngit */;
			targetProxy = A5224AEA20FE01BB008C2CFC /* PBXContainerItemProxy */;
		};
		A5224AF620FE01BB008C2CFC /* PBXTargetDependency */ = {
			isa = PBXTargetDependency;
			target = A5224AD420FE01BA008C2CFC /* learngit */;
			targetProxy = A5224AF520FE01BB008C2CFC /* PBXContainerItemProxy */;
		};
/* End PBXTargetDependency section */

/* Begin PBXVariantGroup section */
		A5224ADC20FE01BA008C2CFC /* Main.storyboard */ = {
			isa = PBXVariantGroup;
			children = (
				A5224ADD20FE01BA008C2CFC /* Base */,
			);
			name = Main.storyboard;
			sourceTree = "<group>";
		};
		A5224AE120FE01BB008C2CFC /* LaunchScreen.storyboard */ = {
			isa = PBXVariantGroup;
			children = (
				A5224AE220FE01BB008C2CFC /* Base */,
			);
			name = LaunchScreen.storyboard;
			sourceTree = "<group>";
		};
/* End PBXVariantGroup section */

/* Begin XCBuildConfiguration section */
		A5224AFB20FE01BB008C2CFC /* Debug */ = {
			isa = XCBuildConfiguration;
			buildSettings = {
				ALWAYS_SEARCH_USER_PATHS = NO;
				CLANG_ANALYZER_NONNULL = YES;
				CLANG_ANALYZER_NUMBER_OBJECT_CONVERSION = YES_AGGRESSIVE;
				CLANG_CXX_LANGUAGE_STANDARD = "gnu++14";
				CLANG_CXX_LIBRARY = "libc++";
				CLANG_ENABLE_MODULES = YES;
				CLANG_ENABLE_OBJC_ARC = YES;
				CLANG_ENABLE_OBJC_WEAK = YES;
				CLANG_WARN_BLOCK_CAPTURE_AUTORELEASING = YES;
				CLANG_WARN_BOOL_CONVERSION = YES;
				CLANG_WARN_COMMA = YES;
				CLANG_WARN_CONSTANT_CONVERSION = YES;
				CLANG_WARN_DEPRECATED_OBJC_IMPLEMENTATIONS = YES;
				CLANG_WARN_DIRECT_OBJC_ISA_USAGE = YES_ERROR;
				CLANG_WARN_DOCUMENTATION_COMMENTS = YES;
				CLANG_WARN_EMPTY_BODY = YES;
				CLANG_WARN_ENUM_CONVERSION = YES;
				CLANG_WARN_INFINITE_RECURSION = YES;
				CLANG_WARN_INT_CONVERSION = YES;
				CLANG_WARN_NON_LITERAL_NULL_CONVERSION = YES;
				CLANG_WARN_OBJC_IMPLICIT_RETAIN_SELF = YES;
				CLANG_WARN_OBJC_LITERAL_CONVERSION = YES;
				CLANG_WARN_OBJC_ROOT_CLASS = YES_ERROR;
				CLANG_WARN_RANGE_LOOP_ANALYSIS = YES;
				CLANG_WARN_STRICT_PROTOTYPES = YES;
				CLANG_WARN_SUSPICIOUS_MOVE = YES;
				CLANG_WARN_UNGUARDED_AVAILABILITY = YES_AGGRESSIVE;
				CLANG_WARN_UNREACHABLE_CODE = YES;
				CLANG_WARN__DUPLICATE_METHOD_MATCH = YES;
				CODE_SIGN_IDENTITY = "iPhone Developer";
				COPY_PHASE_STRIP = NO;
				DEBUG_INFORMATION_FORMAT = dwarf;
				ENABLE_STRICT_OBJC_MSGSEND = YES;
				ENABLE_TESTABILITY = YES;
				GCC_C_LANGUAGE_STANDARD = gnu11;
				GCC_DYNAMIC_NO_PIC = NO;
				GCC_NO_COMMON_BLOCKS = YES;
				GCC_OPTIMIZATION_LEVEL = 0;
				GCC_PREPROCESSOR_DEFINITIONS = (
					"DEBUG=1",
					"$(inherited)",
				);
				GCC_WARN_64_TO_32_BIT_CONVERSION = YES;
				GCC_WARN_ABOUT_RETURN_TYPE = YES_ERROR;
				GCC_WARN_UNDECLARED_SELECTOR = YES;
				GCC_WARN_UNINITIALIZED_AUTOS = YES_AGGRESSIVE;
				GCC_WARN_UNUSED_FUNCTION = YES;
				GCC_WARN_UNUSED_VARIABLE = YES;
				IPHONEOS_DEPLOYMENT_TARGET = 11.4;
				MTL_ENABLE_DEBUG_INFO = YES;
				ONLY_ACTIVE_ARCH = YES;
				SDKROOT = iphoneos;
				SWIFT_ACTIVE_COMPILATION_CONDITIONS = DEBUG;
				SWIFT_OPTIMIZATION_LEVEL = "-Onone";
			};
			name = Debug;
		};
		A5224AFC20FE01BB008C2CFC /* Release */ = {
			isa = XCBuildConfiguration;
			buildSettings = {
				ALWAYS_SEARCH_USER_PATHS = NO;
				CLANG_ANALYZER_NONNULL = YES;
				CLANG_ANALYZER_NUMBER_OBJECT_CONVERSION = YES_AGGRESSIVE;
				CLANG_CXX_LANGUAGE_STANDARD = "gnu++14";
				CLANG_CXX_LIBRARY = "libc++";
				CLANG_ENABLE_MODULES = YES;
				CLANG_ENABLE_OBJC_ARC = YES;
				CLANG_ENABLE_OBJC_WEAK = YES;
				CLANG_WARN_BLOCK_CAPTURE_AUTORELEASING = YES;
				CLANG_WARN_BOOL_CONVERSION = YES;
				CLANG_WARN_COMMA = YES;
				CLANG_WARN_CONSTANT_CONVERSION = YES;
				CLANG_WARN_DEPRECATED_OBJC_IMPLEMENTATIONS = YES;
				CLANG_WARN_DIRECT_OBJC_ISA_USAGE = YES_ERROR;
				CLANG_WARN_DOCUMENTATION_COMMENTS = YES;
				CLANG_WARN_EMPTY_BODY = YES;
				CLANG_WARN_ENUM_CONVERSION = YES;
				CLANG_WARN_INFINITE_RECURSION = YES;
				CLANG_WARN_INT_CONVERSION = YES;
				CLANG_WARN_NON_LITERAL_NULL_CONVERSION = YES;
				CLANG_WARN_OBJC_IMPLICIT_RETAIN_SELF = YES;
				CLANG_WARN_OBJC_LITERAL_CONVERSION = YES;
				CLANG_WARN_OBJC_ROOT_CLASS = YES_ERROR;
				CLANG_WARN_RANGE_LOOP_ANALYSIS = YES;
				CLANG_WARN_STRICT_PROTOTYPES = YES;
				CLANG_WARN_SUSPICIOUS_MOVE = YES;
				CLANG_WARN_UNGUARDED_AVAILABILITY = YES_AGGRESSIVE;
				CLANG_WARN_UNREACHABLE_CODE = YES;
				CLANG_WARN__DUPLICATE_METHOD_MATCH = YES;
				CODE_SIGN_IDENTITY = "iPhone Developer";
				COPY_PHASE_STRIP = NO;
				DEBUG_INFORMATION_FORMAT = "dwarf-with-dsym";
				ENABLE_NS_ASSERTIONS = NO;
				ENABLE_STRICT_OBJC_MSGSEND = YES;
				GCC_C_LANGUAGE_STANDARD = gnu11;
				GCC_NO_COMMON_BLOCKS = YES;
				GCC_WARN_64_TO_32_BIT_CONVERSION = YES;
				GCC_WARN_ABOUT_RETURN_TYPE = YES_ERROR;
				GCC_WARN_UNDECLARED_SELECTOR = YES;
				GCC_WARN_UNINITIALIZED_AUTOS = YES_AGGRESSIVE;
				GCC_WARN_UNUSED_FUNCTION = YES;
				GCC_WARN_UNUSED_VARIABLE = YES;
				IPHONEOS_DEPLOYMENT_TARGET = 11.4;
				MTL_ENABLE_DEBUG_INFO = NO;
				SDKROOT = iphoneos;
				SWIFT_COMPILATION_MODE = wholemodule;
				SWIFT_OPTIMIZATION_LEVEL = "-O";
				VALIDATE_PRODUCT = YES;
			};
			name = Release;
		};
		A5224AFE20FE01BB008C2CFC /* Debug */ = {
			isa = XCBuildConfiguration;
			buildSettings = {
				ASSETCATALOG_COMPILER_APPICON_NAME = AppIcon;
				CODE_SIGN_STYLE = Automatic;
				INFOPLIST_FILE = learngit/Info.plist;
				LD_RUNPATH_SEARCH_PATHS = (
					"$(inherited)",
					"@executable_path/Frameworks",
				);
				PRODUCT_BUNDLE_IDENTIFIER = "git-learn.learngit";
				PRODUCT_NAME = "$(TARGET_NAME)";
				SWIFT_VERSION = 4.0;
				TARGETED_DEVICE_FAMILY = "1,2";
			};
			name = Debug;
		};
		A5224AFF20FE01BB008C2CFC /* Release */ = {
			isa = XCBuildConfiguration;
			buildSettings = {
				ASSETCATALOG_COMPILER_APPICON_NAME = AppIcon;
				CODE_SIGN_STYLE = Automatic;
				INFOPLIST_FILE = learngit/Info.plist;
				LD_RUNPATH_SEARCH_PATHS = (
					"$(inherited)",
					"@executable_path/Frameworks",
				);
				PRODUCT_BUNDLE_IDENTIFIER = "git-learn.learngit";
				PRODUCT_NAME = "$(TARGET_NAME)";
				SWIFT_VERSION = 4.0;
				TARGETED_DEVICE_FAMILY = "1,2";
			};
			name = Release;
		};
		A5224B0120FE01BB008C2CFC /* Debug */ = {
			isa = XCBuildConfiguration;
			buildSettings = {
				ALWAYS_EMBED_SWIFT_STANDARD_LIBRARIES = YES;
				BUNDLE_LOADER = "$(TEST_HOST)";
				CODE_SIGN_STYLE = Automatic;
				INFOPLIST_FILE = learngitTests/Info.plist;
				LD_RUNPATH_SEARCH_PATHS = (
					"$(inherited)",
					"@executable_path/Frameworks",
					"@loader_path/Frameworks",
				);
				PRODUCT_BUNDLE_IDENTIFIER = "git-learn.learngitTests";
				PRODUCT_NAME = "$(TARGET_NAME)";
				SWIFT_VERSION = 4.0;
				TARGETED_DEVICE_FAMILY = "1,2";
				TEST_HOST = "$(BUILT_PRODUCTS_DIR)/learngit.app/learngit";
			};
			name = Debug;
		};
		A5224B0220FE01BB008C2CFC /* Release */ = {
			isa = XCBuildConfiguration;
			buildSettings = {
				ALWAYS_EMBED_SWIFT_STANDARD_LIBRARIES = YES;
				BUNDLE_LOADER = "$(TEST_HOST)";
				CODE_SIGN_STYLE = Automatic;
				INFOPLIST_FILE = learngitTests/Info.plist;
				LD_RUNPATH_SEARCH_PATHS = (
					"$(inherited)",
					"@executable_path/Frameworks",
					"@loader_path/Frameworks",
				);
				PRODUCT_BUNDLE_IDENTIFIER = "git-learn.learngitTests";
				PRODUCT_NAME = "$(TARGET_NAME)";
				SWIFT_VERSION = 4.0;
				TARGETED_DEVICE_FAMILY = "1,2";
				TEST_HOST = "$(BUILT_PRODUCTS_DIR)/learngit.app/learngit";
			};
			name = Release;
		};
		A5224B0420FE01BB008C2CFC /* Debug */ = {
			isa = XCBuildConfiguration;
			buildSettings = {
				ALWAYS_EMBED_SWIFT_STANDARD_LIBRARIES = YES;
				CODE_SIGN_STYLE = Automatic;
				INFOPLIST_FILE = learngitUITests/Info.plist;
				LD_RUNPATH_SEARCH_PATHS = (
					"$(inherited)",
					"@executable_path/Frameworks",
					"@loader_path/Frameworks",
				);
				PRODUCT_BUNDLE_IDENTIFIER = "git-learn.learngitUITests";
				PRODUCT_NAME = "$(TARGET_NAME)";
				SWIFT_VERSION = 4.0;
				TARGETED_DEVICE_FAMILY = "1,2";
				TEST_TARGET_NAME = learngit;
			};
			name = Debug;
		};
		A5224B0520FE01BB008C2CFC /* Release */ = {
			isa = XCBuildConfiguration;
			buildSettings = {
				ALWAYS_EMBED_SWIFT_STANDARD_LIBRARIES = YES;
				CODE_SIGN_STYLE = Automatic;
				INFOPLIST_FILE = learngitUITests/Info.plist;
				LD_RUNPATH_SEARCH_PATHS = (
					"$(inherited)",
					"@executable_path/Frameworks",
					"@loader_path/Frameworks",
				);
				PRODUCT_BUNDLE_IDENTIFIER = "git-learn.learngitUITests";
				PRODUCT_NAME = "$(TARGET_NAME)";
				SWIFT_VERSION = 4.0;
				TARGETED_DEVICE_FAMILY = "1,2";
				TEST_TARGET_NAME = learngit;
			};
			name = Release;
		};
/* End XCBuildConfiguration section */

/* Begin XCConfigurationList section */
		A5224AD020FE01BA008C2CFC /* Build configuration list for PBXProject "learngit" */ = {
			isa = XCConfigurationList;
			buildConfigurations = (
				A5224AFB20FE01BB008C2CFC /* Debug */,
				A5224AFC20FE01BB008C2CFC /* Release */,
			);
			defaultConfigurationIsVisible = 0;
			defaultConfigurationName = Release;
		};
		A5224AFD20FE01BB008C2CFC /* Build configuration list for PBXNativeTarget "learngit" */ = {
			isa = XCConfigurationList;
			buildConfigurations = (
				A5224AFE20FE01BB008C2CFC /* Debug */,
				A5224AFF20FE01BB008C2CFC /* Release */,
			);
			defaultConfigurationIsVisible = 0;
			defaultConfigurationName = Release;
		};
		A5224B0020FE01BB008C2CFC /* Build configuration list for PBXNativeTarget "learngitTests" */ = {
			isa = XCConfigurationList;
			buildConfigurations = (
				A5224B0120FE01BB008C2CFC /* Debug */,
				A5224B0220FE01BB008C2CFC /* Release */,
			);
			defaultConfigurationIsVisible = 0;
			defaultConfigurationName = Release;
		};
		A5224B0320FE01BB008C2CFC /* Build configuration list for PBXNativeTarget "learngitUITests" */ = {
			isa = XCConfigurationList;
			buildConfigurations = (
				A5224B0420FE01BB008C2CFC /* Debug */,
				A5224B0520FE01BB008C2CFC /* Release */,
			);
			defaultConfigurationIsVisible = 0;
			defaultConfigurationName = Release;
		};
/* End XCConfigurationList section */
	};
	rootObject = A5224ACD20FE01BA008C2CFC /* Project object */;
}
